
Microsoft Visual Studio Solution File, Format Version 9.00
# Visual C# Express 2005
Project("{FAE04EC0-301F-11D3-BF4B-00C04F79EFBC}") = "Lesson201", "Lesson201\Lesson201.csproj", "{0ACFC8A2-0B30-4A8B-92E9-3193E26C2C9D}"
EndProject
Project("{FAE04EC0-301F-11D3-BF4B-00C04F79EFBC}") = "PhysXLibraries", "..\..\PhysXLibraries\PhysXLibraries.csproj", "{71A3DFC5-EA0D-4269-B412-4A2B11EFEE16}"
EndProject
Global
	GlobalSection(SolutionConfigurationPlatforms) = preSolution
		Debug|x86 = Debug|x86
		Release|x86 = Release|x86
	EndGlobalSection
	GlobalSection(ProjectConfigurationPlatforms) = postSolution
		{0ACFC8A2-0B30-4A8B-92E9-3193E26C2C9D}.Debug|x86.ActiveCfg = Debug|x86
		{0ACFC8A2-0B30-4A8B-92E9-3193E26C2C9D}.Debug|x86.Build.0 = Debug|x86
		{0ACFC8A2-0B30-4A8B-92E9-3193E26C2C9D}.Release|x86.ActiveCfg = Release|x86
		{0ACFC8A2-0B30-4A8B-92E9-3193E26C2C9D}.Release|x86.Build.0 = Release|x86
		{122F25F7-9985-4B34-8B55-C5F5EA7247E4}.Debug|x86.ActiveCfg = Debug|x86
		{122F25F7-9985-4B34-8B55-C5F5EA7247E4}.Release|x86.ActiveCfg = Release|x86
		{71A3DFC5-EA0D-4269-B412-4A2B11EFEE16}.Debug|x86.ActiveCfg = Debug|x86
		{71A3DFC5-EA0D-4269-B412-4A2B11EFEE16}.Debug|x86.Build.0 = Debug|x86
		{71A3DFC5-EA0D-4269-B412-4A2B11EFEE16}.Release|x86.ActiveCfg = Release|x86
		{71A3DFC5-EA0D-4269-B412-4A2B11EFEE16}.Release|x86.Build.0 = Release|x86
		{6E0C4997-BB13-4592-8BC8-81FB4ACB93BE}.Debug|x86.ActiveCfg = Debug|x86
		{6E0C4997-BB13-4592-8BC8-81FB4ACB93BE}.Release|x86.ActiveCfg = Release|x86
	EndGlobalSection
	GlobalSection(SolutionProperties) = preSolution
		HideSolutionNode = FALSE
	EndGlobalSection
EndGlobal
