
Microsoft Visual Studio Solution File, Format Version 9.00
# Visual C# Express 2005
Project("{FAE04EC0-301F-11D3-BF4B-00C04F79EFBC}") = "Lesson202", "Lesson202\Lesson202.csproj", "{8041FB8F-E7EC-4FF7-8CA4-5AFD3BF373F4}"
EndProject
Project("{FAE04EC0-301F-11D3-BF4B-00C04F79EFBC}") = "PhysXLibraries", "..\..\PhysXLibraries\PhysXLibraries.csproj", "{71A3DFC5-EA0D-4269-B412-4A2B11EFEE16}"
EndProject
Global
	GlobalSection(SolutionConfigurationPlatforms) = preSolution
		Debug|x86 = Debug|x86
		Release|x86 = Release|x86
	EndGlobalSection
	GlobalSection(ProjectConfigurationPlatforms) = postSolution
		{8041FB8F-E7EC-4FF7-8CA4-5AFD3BF373F4}.Debug|x86.ActiveCfg = Debug|x86
		{8041FB8F-E7EC-4FF7-8CA4-5AFD3BF373F4}.Debug|x86.Build.0 = Debug|x86
		{8041FB8F-E7EC-4FF7-8CA4-5AFD3BF373F4}.Release|x86.ActiveCfg = Release|x86
		{8041FB8F-E7EC-4FF7-8CA4-5AFD3BF373F4}.Release|x86.Build.0 = Release|x86
		{133CDB2D-D354-4FE1-9CC9-1721A1CDA1A4}.Debug|x86.ActiveCfg = Debug|x86
		{133CDB2D-D354-4FE1-9CC9-1721A1CDA1A4}.Release|x86.ActiveCfg = Release|x86
		{71A3DFC5-EA0D-4269-B412-4A2B11EFEE16}.Debug|x86.ActiveCfg = Debug|x86
		{71A3DFC5-EA0D-4269-B412-4A2B11EFEE16}.Debug|x86.Build.0 = Debug|x86
		{71A3DFC5-EA0D-4269-B412-4A2B11EFEE16}.Release|x86.ActiveCfg = Release|x86
		{71A3DFC5-EA0D-4269-B412-4A2B11EFEE16}.Release|x86.Build.0 = Release|x86
		{6E0C4997-BB13-4592-8BC8-81FB4ACB93BE}.Debug|x86.ActiveCfg = Debug|x86
		{6E0C4997-BB13-4592-8BC8-81FB4ACB93BE}.Release|x86.ActiveCfg = Release|x86
	EndGlobalSection
	GlobalSection(SolutionProperties) = preSolution
		HideSolutionNode = FALSE
	EndGlobalSection
EndGlobal
